
Microsoft Visual Studio Solution File, Format Version 12.00
# Visual Studio 15
VisualStudioVersion = 15.0.26730.12
MinimumVisualStudioVersion = 10.0.40219.1
Project("{FAE04EC0-301F-11D3-BF4B-00C04F79EFBC}") = "Test", "Test\Test.csproj", "{D647F0B1-935D-427E-B4AB-AF47E4909C5B}"
	ProjectSection(ProjectDependencies) = postProject
		{EDABF00F-135C-48F5-AFD8-A6CDD86A1023} = {EDABF00F-135C-48F5-AFD8-A6CDD86A1023}
	EndProjectSection
EndProject
Project("{FAE04EC0-301F-11D3-BF4B-00C04F79EFBC}") = "Core", "Core\Core.csproj", "{EDABF00F-135C-48F5-AFD8-A6CDD86A1023}"
EndProject
Global
	GlobalSection(SolutionConfigurationPlatforms) = preSolution
		Debug|Any CPU = Debug|Any CPU
		Debug|x86 = Debug|x86
		Release|Any CPU = Release|Any CPU
		Release|x86 = Release|x86
	EndGlobalSection
	GlobalSection(ProjectConfigurationPlatforms) = postSolution
		{D647F0B1-935D-427E-B4AB-AF47E4909C5B}.Debug|Any CPU.ActiveCfg = Debug|x86
		{D647F0B1-935D-427E-B4AB-AF47E4909C5B}.Debug|x86.ActiveCfg = Debug|x86
		{D647F0B1-935D-427E-B4AB-AF47E4909C5B}.Debug|x86.Build.0 = Debug|x86
		{D647F0B1-935D-427E-B4AB-AF47E4909C5B}.Release|Any CPU.ActiveCfg = Release|x86
		{D647F0B1-935D-427E-B4AB-AF47E4909C5B}.Release|x86.ActiveCfg = Release|x86
		{D647F0B1-935D-427E-B4AB-AF47E4909C5B}.Release|x86.Build.0 = Release|x86
		{EDABF00F-135C-48F5-AFD8-A6CDD86A1023}.Debug|Any CPU.ActiveCfg = Debug|Any CPU
		{EDABF00F-135C-48F5-AFD8-A6CDD86A1023}.Debug|Any CPU.Build.0 = Debug|Any CPU
		{EDABF00F-135C-48F5-AFD8-A6CDD86A1023}.Debug|x86.ActiveCfg = Debug|Any CPU
		{EDABF00F-135C-48F5-AFD8-A6CDD86A1023}.Debug|x86.Build.0 = Debug|Any CPU
		{EDABF00F-135C-48F5-AFD8-A6CDD86A1023}.Release|Any CPU.ActiveCfg = Release|Any CPU
		{EDABF00F-135C-48F5-AFD8-A6CDD86A1023}.Release|Any CPU.Build.0 = Release|Any CPU
		{EDABF00F-135C-48F5-AFD8-A6CDD86A1023}.Release|x86.ActiveCfg = Release|Any CPU
		{EDABF00F-135C-48F5-AFD8-A6CDD86A1023}.Release|x86.Build.0 = Release|Any CPU
	EndGlobalSection
	GlobalSection(SolutionProperties) = preSolution
		HideSolutionNode = FALSE
	EndGlobalSection
	GlobalSection(ExtensibilityGlobals) = postSolution
		SolutionGuid = {82546472-960D-4232-A48E-F5FA2698ED92}
	EndGlobalSection
EndGlobal
